
Microsoft Visual Studio Solution File, Format Version 12.00
# Visual Studio Version 17
VisualStudioVersion = 17.6.33723.286
MinimumVisualStudioVersion = 10.0.40219.1
Project("{FAE04EC0-301F-11D3-BF4B-00C04F79EFBC}") = "Task02", "Task02\Task02.csproj", "{48811793-3A40-40A3-B8A3-0533C16CBC27}"
EndProject
Global
	GlobalSection(SolutionConfigurationPlatforms) = preSolution
		Debug|Any CPU = Debug|Any CPU
		Release|Any CPU = Release|Any CPU
	EndGlobalSection
	GlobalSection(ProjectConfigurationPlatforms) = postSolution
		{48811793-3A40-40A3-B8A3-0533C16CBC27}.Debug|Any CPU.ActiveCfg = Debug|Any CPU
		{48811793-3A40-40A3-B8A3-0533C16CBC27}.Debug|Any CPU.Build.0 = Debug|Any CPU
		{48811793-3A40-40A3-B8A3-0533C16CBC27}.Release|Any CPU.ActiveCfg = Release|Any CPU
		{48811793-3A40-40A3-B8A3-0533C16CBC27}.Release|Any CPU.Build.0 = Release|Any CPU
	EndGlobalSection
	GlobalSection(SolutionProperties) = preSolution
		HideSolutionNode = FALSE
	EndGlobalSection
	GlobalSection(ExtensibilityGlobals) = postSolution
		SolutionGuid = {E89A4832-F458-48D0-B804-CABFAA6CF29B}
	EndGlobalSection
EndGlobal
