
Microsoft Visual Studio Solution File, Format Version 12.00
# Visual Studio Version 17
VisualStudioVersion = 17.6.33723.286
MinimumVisualStudioVersion = 10.0.40219.1
Project("{FAE04EC0-301F-11D3-BF4B-00C04F79EFBC}") = "Task01", "Task01\Task01.csproj", "{B7E8004C-A228-4AFC-9020-22BAAFE7EF31}"
EndProject
Project("{FAE04EC0-301F-11D3-BF4B-00C04F79EFBC}") = "Task02", "Task02\Task02.csproj", "{9C968D12-339A-4CE6-8A93-20D121545EA5}"
EndProject
Global
	GlobalSection(SolutionConfigurationPlatforms) = preSolution
		Debug|Any CPU = Debug|Any CPU
		Release|Any CPU = Release|Any CPU
	EndGlobalSection
	GlobalSection(ProjectConfigurationPlatforms) = postSolution
		{B7E8004C-A228-4AFC-9020-22BAAFE7EF31}.Debug|Any CPU.ActiveCfg = Debug|Any CPU
		{B7E8004C-A228-4AFC-9020-22BAAFE7EF31}.Debug|Any CPU.Build.0 = Debug|Any CPU
		{B7E8004C-A228-4AFC-9020-22BAAFE7EF31}.Release|Any CPU.ActiveCfg = Release|Any CPU
		{B7E8004C-A228-4AFC-9020-22BAAFE7EF31}.Release|Any CPU.Build.0 = Release|Any CPU
		{9C968D12-339A-4CE6-8A93-20D121545EA5}.Debug|Any CPU.ActiveCfg = Debug|Any CPU
		{9C968D12-339A-4CE6-8A93-20D121545EA5}.Debug|Any CPU.Build.0 = Debug|Any CPU
		{9C968D12-339A-4CE6-8A93-20D121545EA5}.Release|Any CPU.ActiveCfg = Release|Any CPU
		{9C968D12-339A-4CE6-8A93-20D121545EA5}.Release|Any CPU.Build.0 = Release|Any CPU
	EndGlobalSection
	GlobalSection(SolutionProperties) = preSolution
		HideSolutionNode = FALSE
	EndGlobalSection
	GlobalSection(ExtensibilityGlobals) = postSolution
		SolutionGuid = {20808FCE-72A3-4ED5-93ED-4DE2346F33CE}
	EndGlobalSection
EndGlobal
